
Microsoft Visual Studio Solution File, Format Version 12.00
# Visual Studio Version 17
VisualStudioVersion = 17.1.32328.378
MinimumVisualStudioVersion = 10.0.40219.1
Project("{FAE04EC0-301F-11D3-BF4B-00C04F79EFBC}") = "Revisator2000", "Revisator2000.csproj", "{6ABC6C36-214D-4536-8FB2-959A8CA1B7B3}"
EndProject
Global
	GlobalSection(SolutionConfigurationPlatforms) = preSolution
		Debug|Any CPU = Debug|Any CPU
		Release|Any CPU = Release|Any CPU
	EndGlobalSection
	GlobalSection(ProjectConfigurationPlatforms) = postSolution
		{6ABC6C36-214D-4536-8FB2-959A8CA1B7B3}.Debug|Any CPU.ActiveCfg = Debug|Any CPU
		{6ABC6C36-214D-4536-8FB2-959A8CA1B7B3}.Debug|Any CPU.Build.0 = Debug|Any CPU
		{6ABC6C36-214D-4536-8FB2-959A8CA1B7B3}.Release|Any CPU.ActiveCfg = Release|Any CPU
		{6ABC6C36-214D-4536-8FB2-959A8CA1B7B3}.Release|Any CPU.Build.0 = Release|Any CPU
	EndGlobalSection
	GlobalSection(SolutionProperties) = preSolution
		HideSolutionNode = FALSE
	EndGlobalSection
	GlobalSection(ExtensibilityGlobals) = postSolution
		SolutionGuid = {3F1A2C3C-3A56-42AB-B8C2-C22E044235B8}
	EndGlobalSection
EndGlobal
